
Microsoft Visual Studio Solution File, Format Version 12.00
# Visual Studio Version 16
VisualStudioVersion = 16.0.30804.86
MinimumVisualStudioVersion = 10.0.40219.1
Project("{9A19103F-16F7-4668-BE54-9A1E7A4F7556}") = "Marketplace.Api", "Marketplace.Api\Marketplace.Api.csproj", "{80E952B3-5C17-47E2-AF91-F73305A456F8}"
EndProject
Project("{9A19103F-16F7-4668-BE54-9A1E7A4F7556}") = "Marketplace.Domain", "Marketplace.Domain\Marketplace.Domain.csproj", "{713E1317-0482-4E4F-999A-9CF581696412}"
EndProject
Project("{FAE04EC0-301F-11D3-BF4B-00C04F79EFBC}") = "Marketplace.Infra", "Marketplace.Infra\Marketplace.Infra.csproj", "{EE75D45C-0E0A-4498-82E3-41C2345021B3}"
EndProject
Project("{FAE04EC0-301F-11D3-BF4B-00C04F79EFBC}") = "Marketplace.Services", "Marketplace.Services\Marketplace.Services.csproj", "{E988556E-8287-4E79-8B7E-F8BFB60CA495}"
EndProject
Project("{FAE04EC0-301F-11D3-BF4B-00C04F79EFBC}") = "Marketplace.Integrations", "Marketplace.Integrations\Marketplace.Integrations.csproj", "{1304204C-3D9C-4FA9-B5D6-A0D653CF127F}"
EndProject
Global
	GlobalSection(SolutionConfigurationPlatforms) = preSolution
		Debug|Any CPU = Debug|Any CPU
		Release|Any CPU = Release|Any CPU
	EndGlobalSection
	GlobalSection(ProjectConfigurationPlatforms) = postSolution
		{80E952B3-5C17-47E2-AF91-F73305A456F8}.Debug|Any CPU.ActiveCfg = Debug|Any CPU
		{80E952B3-5C17-47E2-AF91-F73305A456F8}.Debug|Any CPU.Build.0 = Debug|Any CPU
		{80E952B3-5C17-47E2-AF91-F73305A456F8}.Release|Any CPU.ActiveCfg = Release|Any CPU
		{80E952B3-5C17-47E2-AF91-F73305A456F8}.Release|Any CPU.Build.0 = Release|Any CPU
		{713E1317-0482-4E4F-999A-9CF581696412}.Debug|Any CPU.ActiveCfg = Debug|Any CPU
		{713E1317-0482-4E4F-999A-9CF581696412}.Debug|Any CPU.Build.0 = Debug|Any CPU
		{713E1317-0482-4E4F-999A-9CF581696412}.Release|Any CPU.ActiveCfg = Release|Any CPU
		{713E1317-0482-4E4F-999A-9CF581696412}.Release|Any CPU.Build.0 = Release|Any CPU
		{EE75D45C-0E0A-4498-82E3-41C2345021B3}.Debug|Any CPU.ActiveCfg = Debug|Any CPU
		{EE75D45C-0E0A-4498-82E3-41C2345021B3}.Debug|Any CPU.Build.0 = Debug|Any CPU
		{EE75D45C-0E0A-4498-82E3-41C2345021B3}.Release|Any CPU.ActiveCfg = Release|Any CPU
		{EE75D45C-0E0A-4498-82E3-41C2345021B3}.Release|Any CPU.Build.0 = Release|Any CPU
		{E988556E-8287-4E79-8B7E-F8BFB60CA495}.Debug|Any CPU.ActiveCfg = Debug|Any CPU
		{E988556E-8287-4E79-8B7E-F8BFB60CA495}.Debug|Any CPU.Build.0 = Debug|Any CPU
		{E988556E-8287-4E79-8B7E-F8BFB60CA495}.Release|Any CPU.ActiveCfg = Release|Any CPU
		{E988556E-8287-4E79-8B7E-F8BFB60CA495}.Release|Any CPU.Build.0 = Release|Any CPU
		{1304204C-3D9C-4FA9-B5D6-A0D653CF127F}.Debug|Any CPU.ActiveCfg = Debug|Any CPU
		{1304204C-3D9C-4FA9-B5D6-A0D653CF127F}.Debug|Any CPU.Build.0 = Debug|Any CPU
		{1304204C-3D9C-4FA9-B5D6-A0D653CF127F}.Release|Any CPU.ActiveCfg = Release|Any CPU
		{1304204C-3D9C-4FA9-B5D6-A0D653CF127F}.Release|Any CPU.Build.0 = Release|Any CPU
	EndGlobalSection
	GlobalSection(SolutionProperties) = preSolution
		HideSolutionNode = FALSE
	EndGlobalSection
	GlobalSection(ExtensibilityGlobals) = postSolution
		SolutionGuid = {1CDB8718-C488-4EE1-8E37-6B19AD04DA81}
	EndGlobalSection
EndGlobal
